
Microsoft Visual Studio Solution File, Format Version 12.00
# Visual Studio Version 16
VisualStudioVersion = 16.0.31129.286
MinimumVisualStudioVersion = 10.0.40219.1
Project("{FAE04EC0-301F-11D3-BF4B-00C04F79EFBC}") = "AvaliacaoFinal", "AvaliacaoFinal.csproj", "{D98F5743-58EC-46B9-B889-66CC6832A372}"
EndProject
Global
	GlobalSection(SolutionConfigurationPlatforms) = preSolution
		Debug|Any CPU = Debug|Any CPU
		Release|Any CPU = Release|Any CPU
	EndGlobalSection
	GlobalSection(ProjectConfigurationPlatforms) = postSolution
		{D98F5743-58EC-46B9-B889-66CC6832A372}.Debug|Any CPU.ActiveCfg = Debug|Any CPU
		{D98F5743-58EC-46B9-B889-66CC6832A372}.Debug|Any CPU.Build.0 = Debug|Any CPU
		{D98F5743-58EC-46B9-B889-66CC6832A372}.Release|Any CPU.ActiveCfg = Release|Any CPU
		{D98F5743-58EC-46B9-B889-66CC6832A372}.Release|Any CPU.Build.0 = Release|Any CPU
	EndGlobalSection
	GlobalSection(SolutionProperties) = preSolution
		HideSolutionNode = FALSE
	EndGlobalSection
	GlobalSection(ExtensibilityGlobals) = postSolution
		SolutionGuid = {83DAC290-7A9A-4A40-9980-36783DC02300}
	EndGlobalSection
EndGlobal
